// !$*UTF8*$!
{
	archiveVersion = 1;
	classes = {
	};
	objectVersion = 50;
	objects = {

/* Begin PBXBuildFile section */
		AF9755F222D39CE50062EA6A /* AppDelegate.swift in Sources */ = {isa = PBXBuildFile; fileRef = AF9755F122D39CE50062EA6A /* AppDelegate.swift */; };
		AF9755F422D39CE50062EA6A /* SceneDelegate.swift in Sources */ = {isa = PBXBuildFile; fileRef = AF9755F322D39CE50062EA6A /* SceneDelegate.swift */; };
		AF9755F622D39CE50062EA6A /* ViewController.swift in Sources */ = {isa = PBXBuildFile; fileRef = AF9755F522D39CE50062EA6A /* ViewController.swift */; };
		AF9755F922D39CE50062EA6A /* Main.storyboard in Resources */ = {isa = PBXBuildFile; fileRef = AF9755F722D39CE50062EA6A /* Main.storyboard */; };
		AF9755FB22D39CE90062EA6A /* Assets.xcassets in Resources */ = {isa = PBXBuildFile; fileRef = AF9755FA22D39CE90062EA6A /* Assets.xcassets */; };
		AF9755FE22D39CE90062EA6A /* LaunchScreen.storyboard in Resources */ = {isa = PBXBuildFile; fileRef = AF9755FC22D39CE90062EA6A /* LaunchScreen.storyboard */; };
		AF97560922D39CEA0062EA6A /* BulletinBoard27Tests.swift in Sources */ = {isa = PBXBuildFile; fileRef = AF97560822D39CEA0062EA6A /* BulletinBoard27Tests.swift */; };
/* End PBXBuildFile section */

/* Begin PBXContainerItemProxy section */
		AF97560522D39CEA0062EA6A /* PBXContainerItemProxy */ = {
			isa = PBXContainerItemProxy;
			containerPortal = AF9755E622D39CE50062EA6A /* Project object */;
			proxyType = 1;
			remoteGlobalIDString = AF9755ED22D39CE50062EA6A;
			remoteInfo = BulletinBoard27;
		};
/* End PBXContainerItemProxy section */

/* Begin PBXFileReference section */
		AF9755EE22D39CE50062EA6A /* BulletinBoard27.app */ = {isa = PBXFileReference; explicitFileType = wrapper.application; includeInIndex = 0; path = BulletinBoard27.app; sourceTree = BUILT_PRODUCTS_DIR; };
		AF9755F122D39CE50062EA6A /* AppDelegate.swift */ = {isa = PBXFileReference; lastKnownFileType = sourcecode.swift; path = AppDelegate.swift; sourceTree = "<group>"; };
		AF9755F322D39CE50062EA6A /* SceneDelegate.swift */ = {isa = PBXFileReference; lastKnownFileType = sourcecode.swift; path = SceneDelegate.swift; sourceTree = "<group>"; };
		AF9755F522D39CE50062EA6A /* ViewController.swift */ = {isa = PBXFileReference; lastKnownFileType = sourcecode.swift; path = ViewController.swift; sourceTree = "<group>"; };
		AF9755F822D39CE50062EA6A /* Base */ = {isa = PBXFileReference; lastKnownFileType = file.storyboard; name = Base; path = Base.lproj/Main.storyboard; sourceTree = "<group>"; };
		AF9755FA22D39CE90062EA6A /* Assets.xcassets */ = {isa = PBXFileReference; lastKnownFileType = folder.assetcatalog; path = Assets.xcassets; sourceTree = "<group>"; };
		AF9755FD22D39CE90062EA6A /* Base */ = {isa = PBXFileReference; lastKnownFileType = file.storyboard; name = Base; path = Base.lproj/LaunchScreen.storyboard; sourceTree = "<group>"; };
		AF9755FF22D39CE90062EA6A /* Info.plist */ = {isa = PBXFileReference; lastKnownFileType = text.plist.xml; path = Info.plist; sourceTree = "<group>"; };
		AF97560422D39CEA0062EA6A /* BulletinBoard27Tests.xctest */ = {isa = PBXFileReference; explicitFileType = wrapper.cfbundle; includeInIndex = 0; path = BulletinBoard27Tests.xctest; sourceTree = BUILT_PRODUCTS_DIR; };
		AF97560822D39CEA0062EA6A /* BulletinBoard27Tests.swift */ = {isa = PBXFileReference; lastKnownFileType = sourcecode.swift; path = BulletinBoard27Tests.swift; sourceTree = "<group>"; };
		AF97560A22D39CEA0062EA6A /* Info.plist */ = {isa = PBXFileReference; lastKnownFileType = text.plist.xml; path = Info.plist; sourceTree = "<group>"; };
/* End PBXFileReference section */

/* Begin PBXFrameworksBuildPhase section */
		AF9755EB22D39CE50062EA6A /* Frameworks */ = {
			isa = PBXFrameworksBuildPhase;
			buildActionMask = 2147483647;
			files = (
			);
			runOnlyForDeploymentPostprocessing = 0;
		};
		AF97560122D39CEA0062EA6A /* Frameworks */ = {
			isa = PBXFrameworksBuildPhase;
			buildActionMask = 2147483647;
			files = (
			);
			runOnlyForDeploymentPostprocessing = 0;
		};
/* End PBXFrameworksBuildPhase section */

/* Begin PBXGroup section */
		AF9755E522D39CE50062EA6A = {
			isa = PBXGroup;
			children = (
				AF9755F022D39CE50062EA6A /* BulletinBoard27 */,
				AF97560722D39CEA0062EA6A /* BulletinBoard27Tests */,
				AF9755EF22D39CE50062EA6A /* Products */,
			);
			sourceTree = "<group>";
		};
		AF9755EF22D39CE50062EA6A /* Products */ = {
			isa = PBXGroup;
			children = (
				AF9755EE22D39CE50062EA6A /* BulletinBoard27.app */,
				AF97560422D39CEA0062EA6A /* BulletinBoard27Tests.xctest */,
			);
			name = Products;
			sourceTree = "<group>";
		};
		AF9755F022D39CE50062EA6A /* BulletinBoard27 */ = {
			isa = PBXGroup;
			children = (
				AF9755F122D39CE50062EA6A /* AppDelegate.swift */,
				AF9755F322D39CE50062EA6A /* SceneDelegate.swift */,
				AF9755F522D39CE50062EA6A /* ViewController.swift */,
				AF9755F722D39CE50062EA6A /* Main.storyboard */,
				AF9755FA22D39CE90062EA6A /* Assets.xcassets */,
				AF9755FC22D39CE90062EA6A /* LaunchScreen.storyboard */,
				AF9755FF22D39CE90062EA6A /* Info.plist */,
			);
			path = BulletinBoard27;
			sourceTree = "<group>";
		};
		AF97560722D39CEA0062EA6A /* BulletinBoard27Tests */ = {
			isa = PBXGroup;
			children = (
				AF97560822D39CEA0062EA6A /* BulletinBoard27Tests.swift */,
				AF97560A22D39CEA0062EA6A /* Info.plist */,
			);
			path = BulletinBoard27Tests;
			sourceTree = "<group>";
		};
/* End PBXGroup section */

/* Begin PBXNativeTarget section */
		AF9755ED22D39CE50062EA6A /* BulletinBoard27 */ = {
			isa = PBXNativeTarget;
			buildConfigurationList = AF97560D22D39CEA0062EA6A /* Build configuration list for PBXNativeTarget "BulletinBoard27" */;
			buildPhases = (
				AF9755EA22D39CE50062EA6A /* Sources */,
				AF9755EB22D39CE50062EA6A /* Frameworks */,
				AF9755EC22D39CE50062EA6A /* Resources */,
			);
			buildRules = (
			);
			dependencies = (
			);
			name = BulletinBoard27;
			productName = BulletinBoard27;
			productReference = AF9755EE22D39CE50062EA6A /* BulletinBoard27.app */;
			productType = "com.apple.product-type.application";
		};
		AF97560322D39CEA0062EA6A /* BulletinBoard27Tests */ = {
			isa = PBXNativeTarget;
			buildConfigurationList = AF97561022D39CEA0062EA6A /* Build configuration list for PBXNativeTarget "BulletinBoard27Tests" */;
			buildPhases = (
				AF97560022D39CEA0062EA6A /* Sources */,
				AF97560122D39CEA0062EA6A /* Frameworks */,
				AF97560222D39CEA0062EA6A /* Resources */,
			);
			buildRules = (
			);
			dependencies = (
				AF97560622D39CEA0062EA6A /* PBXTargetDependency */,
			);
			name = BulletinBoard27Tests;
			productName = BulletinBoard27Tests;
			productReference = AF97560422D39CEA0062EA6A /* BulletinBoard27Tests.xctest */;
			productType = "com.apple.product-type.bundle.unit-test";
		};
/* End PBXNativeTarget section */

/* Begin PBXProject section */
		AF9755E622D39CE50062EA6A /* Project object */ = {
			isa = PBXProject;
			attributes = {
				LastSwiftUpdateCheck = 1100;
				LastUpgradeCheck = 1100;
				ORGANIZATIONNAME = "Colin Smith";
				TargetAttributes = {
					AF9755ED22D39CE50062EA6A = {
						CreatedOnToolsVersion = 11.0;
					};
					AF97560322D39CEA0062EA6A = {
						CreatedOnToolsVersion = 11.0;
						TestTargetID = AF9755ED22D39CE50062EA6A;
					};
				};
			};
			buildConfigurationList = AF9755E922D39CE50062EA6A /* Build configuration list for PBXProject "BulletinBoard27" */;
			compatibilityVersion = "Xcode 9.3";
			developmentRegion = en;
			hasScannedForEncodings = 0;
			knownRegions = (
				en,
				Base,
			);
			mainGroup = AF9755E522D39CE50062EA6A;
			productRefGroup = AF9755EF22D39CE50062EA6A /* Products */;
			projectDirPath = "";
			projectRoot = "";
			targets = (
				AF9755ED22D39CE50062EA6A /* BulletinBoard27 */,
				AF97560322D39CEA0062EA6A /* BulletinBoard27Tests */,
			);
		};
/* End PBXProject section */

/* Begin PBXResourcesBuildPhase section */
		AF9755EC22D39CE50062EA6A /* Resources */ = {
			isa = PBXResourcesBuildPhase;
			buildActionMask = 2147483647;
			files = (
				AF9755FE22D39CE90062EA6A /* LaunchScreen.storyboard in Resources */,
				AF9755FB22D39CE90062EA6A /* Assets.xcassets in Resources */,
				AF9755F922D39CE50062EA6A /* Main.storyboard in Resources */,
			);
			runOnlyForDeploymentPostprocessing = 0;
		};
		AF97560222D39CEA0062EA6A /* Resources */ = {
			isa = PBXResourcesBuildPhase;
			buildActionMask = 2147483647;
			files = (
			);
			runOnlyForDeploymentPostprocessing = 0;
		};
/* End PBXResourcesBuildPhase section */

/* Begin PBXSourcesBuildPhase section */
		AF9755EA22D39CE50062EA6A /* Sources */ = {
			isa = PBXSourcesBuildPhase;
			buildActionMask = 2147483647;
			files = (
				AF9755F622D39CE50062EA6A /* ViewController.swift in Sources */,
				AF9755F222D39CE50062EA6A /* AppDelegate.swift in Sources */,
				AF9755F422D39CE50062EA6A /* SceneDelegate.swift in Sources */,
			);
			runOnlyForDeploymentPostprocessing = 0;
		};
		AF97560022D39CEA0062EA6A /* Sources */ = {
			isa = PBXSourcesBuildPhase;
			buildActionMask = 2147483647;
			files = (
				AF97560922D39CEA0062EA6A /* BulletinBoard27Tests.swift in Sources */,
			);
			runOnlyForDeploymentPostprocessing = 0;
		};
/* End PBXSourcesBuildPhase section */

/* Begin PBXTargetDependency section */
		AF97560622D39CEA0062EA6A /* PBXTargetDependency */ = {
			isa = PBXTargetDependency;
			target = AF9755ED22D39CE50062EA6A /* BulletinBoard27 */;
			targetProxy = AF97560522D39CEA0062EA6A /* PBXContainerItemProxy */;
		};
/* End PBXTargetDependency section */

/* Begin PBXVariantGroup section */
		AF9755F722D39CE50062EA6A /* Main.storyboard */ = {
			isa = PBXVariantGroup;
			children = (
				AF9755F822D39CE50062EA6A /* Base */,
			);
			name = Main.storyboard;
			sourceTree = "<group>";
		};
		AF9755FC22D39CE90062EA6A /* LaunchScreen.storyboard */ = {
			isa = PBXVariantGroup;
			children = (
				AF9755FD22D39CE90062EA6A /* Base */,
			);
			name = LaunchScreen.storyboard;
			sourceTree = "<group>";
		};
/* End PBXVariantGroup section */

/* Begin XCBuildConfiguration section */
		AF97560B22D39CEA0062EA6A /* Debug */ = {
			isa = XCBuildConfiguration;
			buildSettings = {
				ALWAYS_SEARCH_USER_PATHS = NO;
				CLANG_ANALYZER_NONNULL = YES;
				CLANG_ANALYZER_NUMBER_OBJECT_CONVERSION = YES_AGGRESSIVE;
				CLANG_CXX_LANGUAGE_STANDARD = "gnu++14";
				CLANG_CXX_LIBRARY = "libc++";
				CLANG_ENABLE_MODULES = YES;
				CLANG_ENABLE_OBJC_ARC = YES;
				CLANG_ENABLE_OBJC_WEAK = YES;
				CLANG_WARN_BLOCK_CAPTURE_AUTORELEASING = YES;
				CLANG_WARN_BOOL_CONVERSION = YES;
				CLANG_WARN_COMMA = YES;
				CLANG_WARN_CONSTANT_CONVERSION = YES;
				CLANG_WARN_DEPRECATED_OBJC_IMPLEMENTATIONS = YES;
				CLANG_WARN_DIRECT_OBJC_ISA_USAGE = YES_ERROR;
				CLANG_WARN_DOCUMENTATION_COMMENTS = YES;
				CLANG_WARN_EMPTY_BODY = YES;
				CLANG_WARN_ENUM_CONVERSION = YES;
				CLANG_WARN_INFINITE_RECURSION = YES;
				CLANG_WARN_INT_CONVERSION = YES;
				CLANG_WARN_NON_LITERAL_NULL_CONVERSION = YES;
				CLANG_WARN_OBJC_IMPLICIT_RETAIN_SELF = YES;
				CLANG_WARN_OBJC_LITERAL_CONVERSION = YES;
				CLANG_WARN_OBJC_ROOT_CLASS = YES_ERROR;
				CLANG_WARN_RANGE_LOOP_ANALYSIS = YES;
				CLANG_WARN_STRICT_PROTOTYPES = YES;
				CLANG_WARN_SUSPICIOUS_MOVE = YES;
				CLANG_WARN_UNGUARDED_AVAILABILITY = YES_AGGRESSIVE;
				CLANG_WARN_UNREACHABLE_CODE = YES;
				CLANG_WARN__DUPLICATE_METHOD_MATCH = YES;
				COPY_PHASE_STRIP = NO;
				DEBUG_INFORMATION_FORMAT = dwarf;
				ENABLE_STRICT_OBJC_MSGSEND = YES;
				ENABLE_TESTABILITY = YES;
				GCC_C_LANGUAGE_STANDARD = gnu11;
				GCC_DYNAMIC_NO_PIC = NO;
				GCC_NO_COMMON_BLOCKS = YES;
				GCC_OPTIMIZATION_LEVEL = 0;
				GCC_PREPROCESSOR_DEFINITIONS = (
					"DEBUG=1",
					"$(inherited)",
				);
				GCC_WARN_64_TO_32_BIT_CONVERSION = YES;
				GCC_WARN_ABOUT_RETURN_TYPE = YES_ERROR;
				GCC_WARN_UNDECLARED_SELECTOR = YES;
				GCC_WARN_UNINITIALIZED_AUTOS = YES_AGGRESSIVE;
				GCC_WARN_UNUSED_FUNCTION = YES;
				GCC_WARN_UNUSED_VARIABLE = YES;
				IPHONEOS_DEPLOYMENT_TARGET = 13.0;
				MTL_ENABLE_DEBUG_INFO = INCLUDE_SOURCE;
				MTL_FAST_MATH = YES;
				ONLY_ACTIVE_ARCH = YES;
				SDKROOT = iphoneos;
				SWIFT_ACTIVE_COMPILATION_CONDITIONS = DEBUG;
				SWIFT_OPTIMIZATION_LEVEL = "-Onone";
			};
			name = Debug;
		};
		AF97560C22D39CEA0062EA6A /* Release */ = {
			isa = XCBuildConfiguration;
			buildSettings = {
				ALWAYS_SEARCH_USER_PATHS = NO;
				CLANG_ANALYZER_NONNULL = YES;
				CLANG_ANALYZER_NUMBER_OBJECT_CONVERSION = YES_AGGRESSIVE;
				CLANG_CXX_LANGUAGE_STANDARD = "gnu++14";
				CLANG_CXX_LIBRARY = "libc++";
				CLANG_ENABLE_MODULES = YES;
				CLANG_ENABLE_OBJC_ARC = YES;
				CLANG_ENABLE_OBJC_WEAK = YES;
				CLANG_WARN_BLOCK_CAPTURE_AUTORELEASING = YES;
				CLANG_WARN_BOOL_CONVERSION = YES;
				CLANG_WARN_COMMA = YES;
				CLANG_WARN_CONSTANT_CONVERSION = YES;
				CLANG_WARN_DEPRECATED_OBJC_IMPLEMENTATIONS = YES;
				CLANG_WARN_DIRECT_OBJC_ISA_USAGE = YES_ERROR;
				CLANG_WARN_DOCUMENTATION_COMMENTS = YES;
				CLANG_WARN_EMPTY_BODY = YES;
				CLANG_WARN_ENUM_CONVERSION = YES;
				CLANG_WARN_INFINITE_RECURSION = YES;
				CLANG_WARN_INT_CONVERSION = YES;
				CLANG_WARN_NON_LITERAL_NULL_CONVERSION = YES;
				CLANG_WARN_OBJC_IMPLICIT_RETAIN_SELF = YES;
				CLANG_WARN_OBJC_LITERAL_CONVERSION = YES;
				CLANG_WARN_OBJC_ROOT_CLASS = YES_ERROR;
				CLANG_WARN_RANGE_LOOP_ANALYSIS = YES;
				CLANG_WARN_STRICT_PROTOTYPES = YES;
				CLANG_WARN_SUSPICIOUS_MOVE = YES;
				CLANG_WARN_UNGUARDED_AVAILABILITY = YES_AGGRESSIVE;
				CLANG_WARN_UNREACHABLE_CODE = YES;
				CLANG_WARN__DUPLICATE_METHOD_MATCH = YES;
				COPY_PHASE_STRIP = NO;
				DEBUG_INFORMATION_FORMAT = "dwarf-with-dsym";
				ENABLE_NS_ASSERTIONS = NO;
				ENABLE_STRICT_OBJC_MSGSEND = YES;
				GCC_C_LANGUAGE_STANDARD = gnu11;
				GCC_NO_COMMON_BLOCKS = YES;
				GCC_WARN_64_TO_32_BIT_CONVERSION = YES;
				GCC_WARN_ABOUT_RETURN_TYPE = YES_ERROR;
				GCC_WARN_UNDECLARED_SELECTOR = YES;
				GCC_WARN_UNINITIALIZED_AUTOS = YES_AGGRESSIVE;
				GCC_WARN_UNUSED_FUNCTION = YES;
				GCC_WARN_UNUSED_VARIABLE = YES;
				IPHONEOS_DEPLOYMENT_TARGET = 13.0;
				MTL_ENABLE_DEBUG_INFO = NO;
				MTL_FAST_MATH = YES;
				SDKROOT = iphoneos;
				SWIFT_COMPILATION_MODE = wholemodule;
				SWIFT_OPTIMIZATION_LEVEL = "-O";
				VALIDATE_PRODUCT = YES;
			};
			name = Release;
		};
		AF97560E22D39CEA0062EA6A /* Debug */ = {
			isa = XCBuildConfiguration;
			buildSettings = {
				ASSETCATALOG_COMPILER_APPICON_NAME = AppIcon;
				CODE_SIGN_STYLE = Automatic;
				DEVELOPMENT_TEAM = 2779EQ3QB6;
				INFOPLIST_FILE = BulletinBoard27/Info.plist;
				LD_RUNPATH_SEARCH_PATHS = (
					"$(inherited)",
					"@executable_path/Frameworks",
				);
				PRODUCT_BUNDLE_IDENTIFIER = com.colinsmith.BulletinBoard27;
				PRODUCT_NAME = "$(TARGET_NAME)";
				SWIFT_VERSION = 5.0;
				TARGETED_DEVICE_FAMILY = "1,2";
			};
			name = Debug;
		};
		AF97560F22D39CEA0062EA6A /* Release */ = {
			isa = XCBuildConfiguration;
			buildSettings = {
				ASSETCATALOG_COMPILER_APPICON_NAME = AppIcon;
				CODE_SIGN_STYLE = Automatic;
				DEVELOPMENT_TEAM = 2779EQ3QB6;
				INFOPLIST_FILE = BulletinBoard27/Info.plist;
				LD_RUNPATH_SEARCH_PATHS = (
					"$(inherited)",
					"@executable_path/Frameworks",
				);
				PRODUCT_BUNDLE_IDENTIFIER = com.colinsmith.BulletinBoard27;
				PRODUCT_NAME = "$(TARGET_NAME)";
				SWIFT_VERSION = 5.0;
				TARGETED_DEVICE_FAMILY = "1,2";
			};
			name = Release;
		};
		AF97561122D39CEA0062EA6A /* Debug */ = {
			isa = XCBuildConfiguration;
			buildSettings = {
				ALWAYS_EMBED_SWIFT_STANDARD_LIBRARIES = YES;
				BUNDLE_LOADER = "$(TEST_HOST)";
				CODE_SIGN_STYLE = Automatic;
				DEVELOPMENT_TEAM = 2779EQ3QB6;
				INFOPLIST_FILE = BulletinBoard27Tests/Info.plist;
				LD_RUNPATH_SEARCH_PATHS = (
					"$(inherited)",
					"@executable_path/Frameworks",
					"@loader_path/Frameworks",
				);
				PRODUCT_BUNDLE_IDENTIFIER = com.colinsmith.BulletinBoard27Tests;
				PRODUCT_NAME = "$(TARGET_NAME)";
				SWIFT_VERSION = 5.0;
				TARGETED_DEVICE_FAMILY = "1,2";
				TEST_HOST = "$(BUILT_PRODUCTS_DIR)/BulletinBoard27.app/BulletinBoard27";
			};
			name = Debug;
		};
		AF97561222D39CEA0062EA6A /* Release */ = {
			isa = XCBuildConfiguration;
			buildSettings = {
				ALWAYS_EMBED_SWIFT_STANDARD_LIBRARIES = YES;
				BUNDLE_LOADER = "$(TEST_HOST)";
				CODE_SIGN_STYLE = Automatic;
				DEVELOPMENT_TEAM = 2779EQ3QB6;
				INFOPLIST_FILE = BulletinBoard27Tests/Info.plist;
				LD_RUNPATH_SEARCH_PATHS = (
					"$(inherited)",
					"@executable_path/Frameworks",
					"@loader_path/Frameworks",
				);
				PRODUCT_BUNDLE_IDENTIFIER = com.colinsmith.BulletinBoard27Tests;
				PRODUCT_NAME = "$(TARGET_NAME)";
				SWIFT_VERSION = 5.0;
				TARGETED_DEVICE_FAMILY = "1,2";
				TEST_HOST = "$(BUILT_PRODUCTS_DIR)/BulletinBoard27.app/BulletinBoard27";
			};
			name = Release;
		};
/* End XCBuildConfiguration section */

/* Begin XCConfigurationList section */
		AF9755E922D39CE50062EA6A /* Build configuration list for PBXProject "BulletinBoard27" */ = {
			isa = XCConfigurationList;
			buildConfigurations = (
				AF97560B22D39CEA0062EA6A /* Debug */,
				AF97560C22D39CEA0062EA6A /* Release */,
			);
			defaultConfigurationIsVisible = 0;
			defaultConfigurationName = Release;
		};
		AF97560D22D39CEA0062EA6A /* Build configuration list for PBXNativeTarget "BulletinBoard27" */ = {
			isa = XCConfigurationList;
			buildConfigurations = (
				AF97560E22D39CEA0062EA6A /* Debug */,
				AF97560F22D39CEA0062EA6A /* Release */,
			);
			defaultConfigurationIsVisible = 0;
			defaultConfigurationName = Release;
		};
		AF97561022D39CEA0062EA6A /* Build configuration list for PBXNativeTarget "BulletinBoard27Tests" */ = {
			isa = XCConfigurationList;
			buildConfigurations = (
				AF97561122D39CEA0062EA6A /* Debug */,
				AF97561222D39CEA0062EA6A /* Release */,
			);
			defaultConfigurationIsVisible = 0;
			defaultConfigurationName = Release;
		};
/* End XCConfigurationList section */
	};
	rootObject = AF9755E622D39CE50062EA6A /* Project object */;
}
